// !$*UTF8*$!
{
	archiveVersion = 1;
	classes = {
	};
	objectVersion = 90;
	objects = {

/* Begin PBXBuildFile section */
		E82362422E21E60100C499E0 /* Patient.swift in Sources */ = {isa = PBXBuildFile; fileRef = E82362412E21E60100C499E0 /* Patient.swift */; };
		E823625F2E26E72900C499E0 /* MetalCameraCaptureDevice.swift in Sources */ = {isa = PBXBuildFile; fileRef = E823625A2E26E72900C499E0 /* MetalCameraCaptureDevice.swift */; };
		E82362602E26E72900C499E0 /* MetalCameraSession.swift in Sources */ = {isa = PBXBuildFile; fileRef = E82362582E26E72900C499E0 /* MetalCameraSession.swift */; };
		E82362612E26E72900C499E0 /* Shaders.metal in Sources */ = {isa = PBXBuildFile; fileRef = E823625D2E26E72900C499E0 /* Shaders.metal */; };
		E82362622E26E72900C499E0 /* MetalCameraSessionTypes.swift in Sources */ = {isa = PBXBuildFile; fileRef = E82362592E26E72900C499E0 /* MetalCameraSessionTypes.swift */; };
		E82362632E26E72900C499E0 /* MTKViewController.swift in Sources */ = {isa = PBXBuildFile; fileRef = E823625C2E26E72900C499E0 /* MTKViewController.swift */; };
		E82362652E27260900C499E0 /* DashboardViewController.swift in Sources */ = {isa = PBXBuildFile; fileRef = E82362642E27260900C499E0 /* DashboardViewController.swift */; };
		E89C22D12E2782A2007A8771 /* PatientPickerViewController.swift in Sources */ = {isa = PBXBuildFile; fileRef = E89C22D02E2782A2007A8771 /* PatientPickerViewController.swift */; };
		E89C22F32E28F3C5007A8771 /* ProcessViewController.swift in Sources */ = {isa = PBXBuildFile; fileRef = E89C22F22E28F3C5007A8771 /* ProcessViewController.swift */; };
		FA00A6B21CD54552005CF485 /* AppDelegate.swift in Sources */ = {isa = PBXBuildFile; fileRef = FA00A6B11CD54552005CF485 /* AppDelegate.swift */; };
		FA00A6B71CD54552005CF485 /* Main.storyboard in Resources */ = {isa = PBXBuildFile; fileRef = FA00A6B51CD54552005CF485 /* Main.storyboard */; };
		FA00A6B91CD54552005CF485 /* Assets.xcassets in Resources */ = {isa = PBXBuildFile; fileRef = FA00A6B81CD54552005CF485 /* Assets.xcassets */; };
		FA00A6BC1CD54552005CF485 /* LaunchScreen.storyboard in Resources */ = {isa = PBXBuildFile; fileRef = FA00A6BA1CD54552005CF485 /* LaunchScreen.storyboard */; };
		FA00A6CB1CD545F4005CF485 /* CameraViewController.swift in Sources */ = {isa = PBXBuildFile; fileRef = FA00A6C51CD545F4005CF485 /* CameraViewController.swift */; };
		FABBE88B1D491220006D3416 /* MetalCameraSessionTestsDelegates.swift in Sources */ = {isa = PBXBuildFile; fileRef = FABBE8891D4911EE006D3416 /* MetalCameraSessionTestsDelegates.swift */; };
		FABC1DFC1D46373A00F0B64B /* MetalCameraSessionTests.swift in Sources */ = {isa = PBXBuildFile; fileRef = FABC1DFB1D46373A00F0B64B /* MetalCameraSessionTests.swift */; };
/* End PBXBuildFile section */

/* Begin PBXContainerItemProxy section */
		FABC1DF51D4636D500F0B64B /* PBXContainerItemProxy */ = {
			isa = PBXContainerItemProxy;
			containerPortal = FA00A6A61CD54552005CF485 /* Project object */;
			proxyType = 1;
			remoteGlobalIDString = FA00A6AD1CD54552005CF485;
			remoteInfo = "Metal Camera";
		};
/* End PBXContainerItemProxy section */

/* Begin PBXFileReference section */
		E82362412E21E60100C499E0 /* Patient.swift */ = {isa = PBXFileReference; lastKnownFileType = sourcecode.swift; path = Patient.swift; sourceTree = "<group>"; };
		E82362582E26E72900C499E0 /* MetalCameraSession.swift */ = {isa = PBXFileReference; lastKnownFileType = sourcecode.swift; path = MetalCameraSession.swift; sourceTree = "<group>"; };
		E82362592E26E72900C499E0 /* MetalCameraSessionTypes.swift */ = {isa = PBXFileReference; lastKnownFileType = sourcecode.swift; path = MetalCameraSessionTypes.swift; sourceTree = "<group>"; };
		E823625A2E26E72900C499E0 /* MetalCameraCaptureDevice.swift */ = {isa = PBXFileReference; lastKnownFileType = sourcecode.swift; path = MetalCameraCaptureDevice.swift; sourceTree = "<group>"; };
		E823625C2E26E72900C499E0 /* MTKViewController.swift */ = {isa = PBXFileReference; lastKnownFileType = sourcecode.swift; path = MTKViewController.swift; sourceTree = "<group>"; };
		E823625D2E26E72900C499E0 /* Shaders.metal */ = {isa = PBXFileReference; lastKnownFileType = sourcecode.metal; path = Shaders.metal; sourceTree = "<group>"; };
		E82362642E27260900C499E0 /* DashboardViewController.swift */ = {isa = PBXFileReference; lastKnownFileType = sourcecode.swift; path = DashboardViewController.swift; sourceTree = "<group>"; };
		E89C22D02E2782A2007A8771 /* PatientPickerViewController.swift */ = {isa = PBXFileReference; lastKnownFileType = sourcecode.swift; path = PatientPickerViewController.swift; sourceTree = "<group>"; };
		E89C22F22E28F3C5007A8771 /* ProcessViewController.swift */ = {isa = PBXFileReference; lastKnownFileType = sourcecode.swift; path = ProcessViewController.swift; sourceTree = "<group>"; };
		FA00A6AE1CD54552005CF485 /* Metal Camera.app */ = {isa = PBXFileReference; explicitFileType = wrapper.application; includeInIndex = 0; path = "Metal Camera.app"; sourceTree = BUILT_PRODUCTS_DIR; };
		FA00A6B11CD54552005CF485 /* AppDelegate.swift */ = {isa = PBXFileReference; lastKnownFileType = sourcecode.swift; path = AppDelegate.swift; sourceTree = "<group>"; };
		FA00A6B61CD54552005CF485 /* Base */ = {isa = PBXFileReference; lastKnownFileType = file.storyboard; name = Base; path = Base.lproj/Main.storyboard; sourceTree = "<group>"; };
		FA00A6B81CD54552005CF485 /* Assets.xcassets */ = {isa = PBXFileReference; lastKnownFileType = folder.assetcatalog; path = Assets.xcassets; sourceTree = "<group>"; };
		FA00A6BB1CD54552005CF485 /* Base */ = {isa = PBXFileReference; lastKnownFileType = file.storyboard; name = Base; path = Base.lproj/LaunchScreen.storyboard; sourceTree = "<group>"; };
		FA00A6BD1CD54552005CF485 /* Info.plist */ = {isa = PBXFileReference; lastKnownFileType = text.plist.xml; path = Info.plist; sourceTree = "<group>"; };
		FA00A6C51CD545F4005CF485 /* CameraViewController.swift */ = {isa = PBXFileReference; fileEncoding = 4; lastKnownFileType = sourcecode.swift; path = CameraViewController.swift; sourceTree = "<group>"; };
		FABBE8891D4911EE006D3416 /* MetalCameraSessionTestsDelegates.swift */ = {isa = PBXFileReference; fileEncoding = 4; lastKnownFileType = sourcecode.swift; path = MetalCameraSessionTestsDelegates.swift; sourceTree = "<group>"; };
		FABC1DF01D4636D500F0B64B /* MetalRenderCameraTests.xctest */ = {isa = PBXFileReference; explicitFileType = wrapper.cfbundle; includeInIndex = 0; path = MetalRenderCameraTests.xctest; sourceTree = BUILT_PRODUCTS_DIR; };
		FABC1DF41D4636D500F0B64B /* Info.plist */ = {isa = PBXFileReference; lastKnownFileType = text.plist.xml; path = Info.plist; sourceTree = "<group>"; };
		FABC1DFB1D46373A00F0B64B /* MetalCameraSessionTests.swift */ = {isa = PBXFileReference; fileEncoding = 4; lastKnownFileType = sourcecode.swift; path = MetalCameraSessionTests.swift; sourceTree = "<group>"; };
/* End PBXFileReference section */

/* Begin PBXFileSystemSynchronizedRootGroup section */
		E89C23142E2B8CB2007A8771 /* PatientDetail */ = {
			isa = PBXFileSystemSynchronizedRootGroup;
			path = PatientDetail;
			sourceTree = "<group>";
		};
/* End PBXFileSystemSynchronizedRootGroup section */

/* Begin PBXFrameworksBuildPhase section */
		FA00A6AB1CD54552005CF485 /* Frameworks */ = {
			isa = PBXFrameworksBuildPhase;
			files = (
			);
		};
		FABC1DED1D4636D500F0B64B /* Frameworks */ = {
			isa = PBXFrameworksBuildPhase;
			files = (
			);
		};
/* End PBXFrameworksBuildPhase section */

/* Begin PBXGroup section */
		E823625B2E26E72900C499E0 /* Metal Camera Session */ = {
			isa = PBXGroup;
			children = (
				E82362582E26E72900C499E0 /* MetalCameraSession.swift */,
				E82362592E26E72900C499E0 /* MetalCameraSessionTypes.swift */,
				E823625A2E26E72900C499E0 /* MetalCameraCaptureDevice.swift */,
			);
			name = "Metal Camera Session";
			sourceTree = "<group>";
		};
		E823625E2E26E72900C499E0 /* MetalKit View Controller */ = {
			isa = PBXGroup;
			children = (
				E823625C2E26E72900C499E0 /* MTKViewController.swift */,
				E823625D2E26E72900C499E0 /* Shaders.metal */,
			);
			name = "MetalKit View Controller";
			sourceTree = "<group>";
		};
		FA00A6A51CD54552005CF485 = {
			isa = PBXGroup;
			children = (
				FA00A6B01CD54552005CF485 /* MetalRenderCamera */,
				FABC1DF11D4636D500F0B64B /* MetalRenderCameraTests */,
				FA00A6AF1CD54552005CF485 /* Products */,
			);
			sourceTree = "<group>";
		};
		FA00A6AF1CD54552005CF485 /* Products */ = {
			isa = PBXGroup;
			children = (
				FA00A6AE1CD54552005CF485 /* Metal Camera.app */,
				FABC1DF01D4636D500F0B64B /* MetalRenderCameraTests.xctest */,
			);
			name = Products;
			sourceTree = "<group>";
		};
		FA00A6B01CD54552005CF485 /* MetalRenderCamera */ = {
			isa = PBXGroup;
			children = (
				E89C23142E2B8CB2007A8771 /* PatientDetail */,
				E823625B2E26E72900C499E0 /* Metal Camera Session */,
				E823625E2E26E72900C499E0 /* MetalKit View Controller */,
				FA00A6C51CD545F4005CF485 /* CameraViewController.swift */,
				E89C22F22E28F3C5007A8771 /* ProcessViewController.swift */,
				E82362412E21E60100C499E0 /* Patient.swift */,
				E82362642E27260900C499E0 /* DashboardViewController.swift */,
				E89C22D02E2782A2007A8771 /* PatientPickerViewController.swift */,
				FA00A6B11CD54552005CF485 /* AppDelegate.swift */,
				FA00A6C31CD545DE005CF485 /* Resources */,
				FA00A6BD1CD54552005CF485 /* Info.plist */,
			);
			path = MetalRenderCamera;
			sourceTree = "<group>";
		};
		FA00A6C31CD545DE005CF485 /* Resources */ = {
			isa = PBXGroup;
			children = (
				FA00A6B81CD54552005CF485 /* Assets.xcassets */,
				FA00A6B51CD54552005CF485 /* Main.storyboard */,
				FA00A6BA1CD54552005CF485 /* LaunchScreen.storyboard */,
			);
			name = Resources;
			sourceTree = "<group>";
		};
		FABC1DF11D4636D500F0B64B /* MetalRenderCameraTests */ = {
			isa = PBXGroup;
			children = (
				FABBE8891D4911EE006D3416 /* MetalCameraSessionTestsDelegates.swift */,
				FABC1DFB1D46373A00F0B64B /* MetalCameraSessionTests.swift */,
				FABC1DF41D4636D500F0B64B /* Info.plist */,
			);
			name = MetalRenderCameraTests;
			path = MetalRenderCamera/MetalRenderCameraTests;
			sourceTree = "<group>";
		};
/* End PBXGroup section */

/* Begin PBXNativeTarget section */
		FA00A6AD1CD54552005CF485 /* Metal Camera */ = {
			isa = PBXNativeTarget;
			buildConfigurationList = FA00A6C01CD54552005CF485 /* Build configuration list for PBXNativeTarget "Metal Camera" */;
			buildPhases = (
				FA00A6AA1CD54552005CF485 /* Sources */,
				FA00A6AB1CD54552005CF485 /* Frameworks */,
				FA00A6AC1CD54552005CF485 /* Resources */,
			);
			buildRules = (
			);
			fileSystemSynchronizedGroups = (
				E89C23142E2B8CB2007A8771 /* PatientDetail */,
			);
			name = "Metal Camera";
			productName = MetalRenderCamera;
			productReference = FA00A6AE1CD54552005CF485 /* Metal Camera.app */;
			productType = "com.apple.product-type.application";
		};
		FABC1DEF1D4636D500F0B64B /* MetalRenderCameraTests */ = {
			isa = PBXNativeTarget;
			buildConfigurationList = FABC1DF71D4636D500F0B64B /* Build configuration list for PBXNativeTarget "MetalRenderCameraTests" */;
			buildPhases = (
				FABC1DEC1D4636D500F0B64B /* Sources */,
				FABC1DED1D4636D500F0B64B /* Frameworks */,
				FABC1DEE1D4636D500F0B64B /* Resources */,
			);
			buildRules = (
			);
			dependencies = (
				FABC1DF61D4636D500F0B64B /* PBXTargetDependency */,
			);
			name = MetalRenderCameraTests;
			productName = MetalRenderCameraTests;
			productReference = FABC1DF01D4636D500F0B64B /* MetalRenderCameraTests.xctest */;
			productType = "com.apple.product-type.bundle.unit-test";
		};
/* End PBXNativeTarget section */

/* Begin PBXProject section */
		FA00A6A61CD54552005CF485 /* Project object */ = {
			isa = PBXProject;
			attributes = {
				BuildIndependentTargetsInParallel = YES;
				LastSwiftUpdateCheck = 0730;
				LastUpgradeCheck = 1600;
				ORGANIZATIONNAME = "Old Yellow Bricks";
				TargetAttributes = {
					FA00A6AD1CD54552005CF485 = {
						CreatedOnToolsVersion = 7.3;
						LastSwiftMigration = 1640;
					};
					FABC1DEF1D4636D500F0B64B = {
						CreatedOnToolsVersion = 7.3.1;
						LastSwiftMigration = 0900;
						TestTargetID = FA00A6AD1CD54552005CF485;
					};
				};
			};
			buildConfigurationList = FA00A6A91CD54552005CF485 /* Build configuration list for PBXProject "MetalRenderCamera" */;
			developmentRegion = en;
			hasScannedForEncodings = 0;
			knownRegions = (
				en,
				Base,
			);
			mainGroup = FA00A6A51CD54552005CF485;
			preferredProjectObjectVersion = 90;
			productRefGroup = FA00A6AF1CD54552005CF485 /* Products */;
			projectDirPath = "";
			projectRoot = "";
			targets = (
				FA00A6AD1CD54552005CF485 /* Metal Camera */,
				FABC1DEF1D4636D500F0B64B /* MetalRenderCameraTests */,
			);
		};
/* End PBXProject section */

/* Begin PBXResourcesBuildPhase section */
		FA00A6AC1CD54552005CF485 /* Resources */ = {
			isa = PBXResourcesBuildPhase;
			files = (
				FA00A6BC1CD54552005CF485 /* LaunchScreen.storyboard in Resources */,
				FA00A6B91CD54552005CF485 /* Assets.xcassets in Resources */,
				FA00A6B71CD54552005CF485 /* Main.storyboard in Resources */,
			);
		};
		FABC1DEE1D4636D500F0B64B /* Resources */ = {
			isa = PBXResourcesBuildPhase;
			files = (
			);
		};
/* End PBXResourcesBuildPhase section */

/* Begin PBXSourcesBuildPhase section */
		FA00A6AA1CD54552005CF485 /* Sources */ = {
			isa = PBXSourcesBuildPhase;
			files = (
				E82362422E21E60100C499E0 /* Patient.swift in Sources */,
				E823625F2E26E72900C499E0 /* MetalCameraCaptureDevice.swift in Sources */,
				E82362602E26E72900C499E0 /* MetalCameraSession.swift in Sources */,
				E82362612E26E72900C499E0 /* Shaders.metal in Sources */,
				E82362622E26E72900C499E0 /* MetalCameraSessionTypes.swift in Sources */,
				E89C22F32E28F3C5007A8771 /* ProcessViewController.swift in Sources */,
				E82362632E26E72900C499E0 /* MTKViewController.swift in Sources */,
				E89C22D12E2782A2007A8771 /* PatientPickerViewController.swift in Sources */,
				E82362652E27260900C499E0 /* DashboardViewController.swift in Sources */,
				FA00A6B21CD54552005CF485 /* AppDelegate.swift in Sources */,
				FA00A6CB1CD545F4005CF485 /* CameraViewController.swift in Sources */,
			);
		};
		FABC1DEC1D4636D500F0B64B /* Sources */ = {
			isa = PBXSourcesBuildPhase;
			files = (
				FABBE88B1D491220006D3416 /* MetalCameraSessionTestsDelegates.swift in Sources */,
				FABC1DFC1D46373A00F0B64B /* MetalCameraSessionTests.swift in Sources */,
			);
		};
/* End PBXSourcesBuildPhase section */

/* Begin PBXTargetDependency section */
		FABC1DF61D4636D500F0B64B /* PBXTargetDependency */ = {
			isa = PBXTargetDependency;
			target = FA00A6AD1CD54552005CF485 /* Metal Camera */;
			targetProxy = FABC1DF51D4636D500F0B64B /* PBXContainerItemProxy */;
		};
/* End PBXTargetDependency section */

/* Begin PBXVariantGroup section */
		FA00A6B51CD54552005CF485 /* Main.storyboard */ = {
			isa = PBXVariantGroup;
			children = (
				FA00A6B61CD54552005CF485 /* Base */,
			);
			name = Main.storyboard;
			sourceTree = "<group>";
		};
		FA00A6BA1CD54552005CF485 /* LaunchScreen.storyboard */ = {
			isa = PBXVariantGroup;
			children = (
				FA00A6BB1CD54552005CF485 /* Base */,
			);
			name = LaunchScreen.storyboard;
			sourceTree = "<group>";
		};
/* End PBXVariantGroup section */

/* Begin XCBuildConfiguration section */
		FA00A6BE1CD54552005CF485 /* Debug configuration for PBXProject "MetalRenderCamera" */ = {
			isa = XCBuildConfiguration;
			buildSettings = {
				ALWAYS_SEARCH_USER_PATHS = NO;
				ASSETCATALOG_COMPILER_GENERATE_SWIFT_ASSET_SYMBOL_EXTENSIONS = YES;
				CLANG_ANALYZER_NONNULL = YES;
				CLANG_CXX_LANGUAGE_STANDARD = "gnu++0x";
				CLANG_CXX_LIBRARY = "libc++";
				CLANG_ENABLE_MODULES = YES;
				CLANG_ENABLE_OBJC_ARC = YES;
				CLANG_WARN_BLOCK_CAPTURE_AUTORELEASING = YES;
				CLANG_WARN_BOOL_CONVERSION = YES;
				CLANG_WARN_COMMA = YES;
				CLANG_WARN_CONSTANT_CONVERSION = YES;
				CLANG_WARN_DEPRECATED_OBJC_IMPLEMENTATIONS = YES;
				CLANG_WARN_DIRECT_OBJC_ISA_USAGE = YES_ERROR;
				CLANG_WARN_EMPTY_BODY = YES;
				CLANG_WARN_ENUM_CONVERSION = YES;
				CLANG_WARN_INFINITE_RECURSION = YES;
				CLANG_WARN_INT_CONVERSION = YES;
				CLANG_WARN_NON_LITERAL_NULL_CONVERSION = YES;
				CLANG_WARN_OBJC_IMPLICIT_RETAIN_SELF = YES;
				CLANG_WARN_OBJC_LITERAL_CONVERSION = YES;
				CLANG_WARN_OBJC_ROOT_CLASS = YES_ERROR;
				CLANG_WARN_QUOTED_INCLUDE_IN_FRAMEWORK_HEADER = YES;
				CLANG_WARN_RANGE_LOOP_ANALYSIS = YES;
				CLANG_WARN_STRICT_PROTOTYPES = YES;
				CLANG_WARN_SUSPICIOUS_MOVE = YES;
				CLANG_WARN_UNREACHABLE_CODE = YES;
				CLANG_WARN__DUPLICATE_METHOD_MATCH = YES;
				"CODE_SIGN_IDENTITY[sdk=iphoneos*]" = "iPhone Developer";
				COPY_PHASE_STRIP = NO;
				DEBUG_INFORMATION_FORMAT = dwarf;
				ENABLE_STRICT_OBJC_MSGSEND = YES;
				ENABLE_TESTABILITY = YES;
				ENABLE_USER_SCRIPT_SANDBOXING = YES;
				GCC_C_LANGUAGE_STANDARD = gnu99;
				GCC_DYNAMIC_NO_PIC = NO;
				GCC_NO_COMMON_BLOCKS = YES;
				GCC_OPTIMIZATION_LEVEL = 0;
				GCC_PREPROCESSOR_DEFINITIONS = (
					"DEBUG=1",
					"$(inherited)",
				);
				GCC_WARN_64_TO_32_BIT_CONVERSION = YES;
				GCC_WARN_ABOUT_RETURN_TYPE = YES_ERROR;
				GCC_WARN_UNDECLARED_SELECTOR = YES;
				GCC_WARN_UNINITIALIZED_AUTOS = YES_AGGRESSIVE;
				GCC_WARN_UNUSED_FUNCTION = YES;
				GCC_WARN_UNUSED_VARIABLE = YES;
				IPHONEOS_DEPLOYMENT_TARGET = 12.0;
				MTL_ENABLE_DEBUG_INFO = YES;
				ONLY_ACTIVE_ARCH = YES;
				SDKROOT = iphoneos;
				SWIFT_OPTIMIZATION_LEVEL = "-Onone";
				TARGETED_DEVICE_FAMILY = "1,2";
			};
			name = Debug;
		};
		FA00A6BF1CD54552005CF485 /* Release configuration for PBXProject "MetalRenderCamera" */ = {
			isa = XCBuildConfiguration;
			buildSettings = {
				ALWAYS_SEARCH_USER_PATHS = NO;
				ASSETCATALOG_COMPILER_GENERATE_SWIFT_ASSET_SYMBOL_EXTENSIONS = YES;
				CLANG_ANALYZER_NONNULL = YES;
				CLANG_CXX_LANGUAGE_STANDARD = "gnu++0x";
				CLANG_CXX_LIBRARY = "libc++";
				CLANG_ENABLE_MODULES = YES;
				CLANG_ENABLE_OBJC_ARC = YES;
				CLANG_WARN_BLOCK_CAPTURE_AUTORELEASING = YES;
				CLANG_WARN_BOOL_CONVERSION = YES;
				CLANG_WARN_COMMA = YES;
				CLANG_WARN_CONSTANT_CONVERSION = YES;
				CLANG_WARN_DEPRECATED_OBJC_IMPLEMENTATIONS = YES;
				CLANG_WARN_DIRECT_OBJC_ISA_USAGE = YES_ERROR;
				CLANG_WARN_EMPTY_BODY = YES;
				CLANG_WARN_ENUM_CONVERSION = YES;
				CLANG_WARN_INFINITE_RECURSION = YES;
				CLANG_WARN_INT_CONVERSION = YES;
				CLANG_WARN_NON_LITERAL_NULL_CONVERSION = YES;
				CLANG_WARN_OBJC_IMPLICIT_RETAIN_SELF = YES;
				CLANG_WARN_OBJC_LITERAL_CONVERSION = YES;
				CLANG_WARN_OBJC_ROOT_CLASS = YES_ERROR;
				CLANG_WARN_QUOTED_INCLUDE_IN_FRAMEWORK_HEADER = YES;
				CLANG_WARN_RANGE_LOOP_ANALYSIS = YES;
				CLANG_WARN_STRICT_PROTOTYPES = YES;
				CLANG_WARN_SUSPICIOUS_MOVE = YES;
				CLANG_WARN_UNREACHABLE_CODE = YES;
				CLANG_WARN__DUPLICATE_METHOD_MATCH = YES;
				"CODE_SIGN_IDENTITY[sdk=iphoneos*]" = "iPhone Developer";
				COPY_PHASE_STRIP = NO;
				DEBUG_INFORMATION_FORMAT = "dwarf-with-dsym";
				ENABLE_NS_ASSERTIONS = NO;
				ENABLE_STRICT_OBJC_MSGSEND = YES;
				ENABLE_USER_SCRIPT_SANDBOXING = YES;
				GCC_C_LANGUAGE_STANDARD = gnu99;
				GCC_NO_COMMON_BLOCKS = YES;
				GCC_WARN_64_TO_32_BIT_CONVERSION = YES;
				GCC_WARN_ABOUT_RETURN_TYPE = YES_ERROR;
				GCC_WARN_UNDECLARED_SELECTOR = YES;
				GCC_WARN_UNINITIALIZED_AUTOS = YES_AGGRESSIVE;
				GCC_WARN_UNUSED_FUNCTION = YES;
				GCC_WARN_UNUSED_VARIABLE = YES;
				IPHONEOS_DEPLOYMENT_TARGET = 12.0;
				MTL_ENABLE_DEBUG_INFO = NO;
				SDKROOT = iphoneos;
				SWIFT_COMPILATION_MODE = wholemodule;
				SWIFT_OPTIMIZATION_LEVEL = "-O";
				TARGETED_DEVICE_FAMILY = "1,2";
				VALIDATE_PRODUCT = YES;
			};
			name = Release;
		};
		FA00A6C11CD54552005CF485 /* Debug configuration for PBXNativeTarget "Metal Camera" */ = {
			isa = XCBuildConfiguration;
			buildSettings = {
				ASSETCATALOG_COMPILER_APPICON_NAME = AppIcon;
				ASSETCATALOG_COMPILER_INCLUDE_ALL_APPICON_ASSETS = NO;
				CLANG_ENABLE_MODULES = YES;
				CODE_SIGN_IDENTITY = "Apple Development";
				CODE_SIGN_STYLE = Automatic;
				DEVELOPMENT_TEAM = 3LHJDLG87Z;
				INFOPLIST_FILE = MetalRenderCamera/Info.plist;
				IPHONEOS_DEPLOYMENT_TARGET = 18.0;
				LD_RUNPATH_SEARCH_PATHS = (
					"$(inherited)",
					"@executable_path/Frameworks",
				);
				PRODUCT_BUNDLE_IDENTIFIER = com.example.Limbus;
				PRODUCT_NAME = "$(TARGET_NAME)";
				PROVISIONING_PROFILE_SPECIFIER = "";
				SWIFT_OBJC_BRIDGING_HEADER = "";
				SWIFT_OPTIMIZATION_LEVEL = "-Onone";
				SWIFT_SWIFT3_OBJC_INFERENCE = Default;
				SWIFT_VERSION = 5.0;
			};
			name = Debug;
		};
		FA00A6C21CD54552005CF485 /* Release configuration for PBXNativeTarget "Metal Camera" */ = {
			isa = XCBuildConfiguration;
			buildSettings = {
				ASSETCATALOG_COMPILER_APPICON_NAME = AppIcon;
				ASSETCATALOG_COMPILER_INCLUDE_ALL_APPICON_ASSETS = NO;
				CLANG_ENABLE_MODULES = YES;
				CODE_SIGN_IDENTITY = "Apple Development";
				CODE_SIGN_STYLE = Automatic;
				DEVELOPMENT_TEAM = 3LHJDLG87Z;
				INFOPLIST_FILE = MetalRenderCamera/Info.plist;
				IPHONEOS_DEPLOYMENT_TARGET = 18.0;
				LD_RUNPATH_SEARCH_PATHS = (
					"$(inherited)",
					"@executable_path/Frameworks",
				);
				PRODUCT_BUNDLE_IDENTIFIER = com.example.Limbus;
				PRODUCT_NAME = "$(TARGET_NAME)";
				PROVISIONING_PROFILE_SPECIFIER = "";
				SWIFT_OBJC_BRIDGING_HEADER = "";
				SWIFT_SWIFT3_OBJC_INFERENCE = Default;
				SWIFT_VERSION = 5.0;
			};
			name = Release;
		};
		FABC1DF81D4636D500F0B64B /* Debug configuration for PBXNativeTarget "MetalRenderCameraTests" */ = {
			isa = XCBuildConfiguration;
			buildSettings = {
				BUNDLE_LOADER = "$(TEST_HOST)";
				DEVELOPMENT_TEAM = JTKK646U9Z;
				INFOPLIST_FILE = MetalRenderCamera/MetalRenderCameraTests/Info.plist;
				IPHONEOS_DEPLOYMENT_TARGET = 13.0;
				LD_RUNPATH_SEARCH_PATHS = (
					"$(inherited)",
					"@executable_path/Frameworks",
					"@loader_path/Frameworks",
				);
				PRODUCT_BUNDLE_IDENTIFIER = com.rationalmatter.MetalRenderCameraTests;
				PRODUCT_NAME = "$(TARGET_NAME)";
				SWIFT_SWIFT3_OBJC_INFERENCE = Default;
				SWIFT_VERSION = 4.0;
				TEST_HOST = "$(BUILT_PRODUCTS_DIR)/Metal Camera.app/Metal Camera";
			};
			name = Debug;
		};
		FABC1DF91D4636D500F0B64B /* Release configuration for PBXNativeTarget "MetalRenderCameraTests" */ = {
			isa = XCBuildConfiguration;
			buildSettings = {
				BUNDLE_LOADER = "$(TEST_HOST)";
				DEVELOPMENT_TEAM = JTKK646U9Z;
				INFOPLIST_FILE = MetalRenderCamera/MetalRenderCameraTests/Info.plist;
				IPHONEOS_DEPLOYMENT_TARGET = 13.0;
				LD_RUNPATH_SEARCH_PATHS = (
					"$(inherited)",
					"@executable_path/Frameworks",
					"@loader_path/Frameworks",
				);
				PRODUCT_BUNDLE_IDENTIFIER = com.rationalmatter.MetalRenderCameraTests;
				PRODUCT_NAME = "$(TARGET_NAME)";
				SWIFT_SWIFT3_OBJC_INFERENCE = Default;
				SWIFT_VERSION = 4.0;
				TEST_HOST = "$(BUILT_PRODUCTS_DIR)/Metal Camera.app/Metal Camera";
			};
			name = Release;
		};
/* End XCBuildConfiguration section */

/* Begin XCConfigurationList section */
		FA00A6A91CD54552005CF485 /* Build configuration list for PBXProject "MetalRenderCamera" */ = {
			isa = XCConfigurationList;
			buildConfigurations = (
				FA00A6BE1CD54552005CF485 /* Debug configuration for PBXProject "MetalRenderCamera" */,
				FA00A6BF1CD54552005CF485 /* Release configuration for PBXProject "MetalRenderCamera" */,
			);
			defaultConfigurationName = Release;
		};
		FA00A6C01CD54552005CF485 /* Build configuration list for PBXNativeTarget "Metal Camera" */ = {
			isa = XCConfigurationList;
			buildConfigurations = (
				FA00A6C11CD54552005CF485 /* Debug configuration for PBXNativeTarget "Metal Camera" */,
				FA00A6C21CD54552005CF485 /* Release configuration for PBXNativeTarget "Metal Camera" */,
			);
			defaultConfigurationName = Release;
		};
		FABC1DF71D4636D500F0B64B /* Build configuration list for PBXNativeTarget "MetalRenderCameraTests" */ = {
			isa = XCConfigurationList;
			buildConfigurations = (
				FABC1DF81D4636D500F0B64B /* Debug configuration for PBXNativeTarget "MetalRenderCameraTests" */,
				FABC1DF91D4636D500F0B64B /* Release configuration for PBXNativeTarget "MetalRenderCameraTests" */,
			);
			defaultConfigurationName = Release;
		};
/* End XCConfigurationList section */
	};
	rootObject = FA00A6A61CD54552005CF485 /* Project object */;
}
